
Microsoft Visual Studio Solution File, Format Version 12.00
# Visual Studio Version 17
VisualStudioVersion = 17.13.35919.96
MinimumVisualStudioVersion = 10.0.40219.1
Project("{FAE04EC0-301F-11D3-BF4B-00C04F79EFBC}") = "Day2Lab", "Day2Lab\Day2Lab.csproj", "{C3940BF6-EA22-4EDD-9237-E73E3A93AA01}"
EndProject
Project("{FAE04EC0-301F-11D3-BF4B-00C04F79EFBC}") = "Day3Lab", "Day3Lab\Day3Lab.csproj", "{46686250-83B6-4F23-A733-257D86FA08EC}"
EndProject
Project("{FAE04EC0-301F-11D3-BF4B-00C04F79EFBC}") = "Day4Lab", "Day4Lab\Day4Lab.csproj", "{A5A20714-4D8A-495F-BA56-8636F9A931BB}"
EndProject
Project("{FAE04EC0-301F-11D3-BF4B-00C04F79EFBC}") = "Day5Lab", "Day5Lab\Day5Lab.csproj", "{3F27583A-F9FB-4D9D-A827-860BFFA96FCE}"
EndProject
Project("{FAE04EC0-301F-11D3-BF4B-00C04F79EFBC}") = "FirstWinFormApp", "FirstWinFormApp\FirstWinFormApp.csproj", "{4693E966-A6CB-43BE-987F-7E026C4E3848}"
EndProject
Project("{FAE04EC0-301F-11D3-BF4B-00C04F79EFBC}") = "Day6Lab", "Day6Lab\Day6Lab.csproj", "{A5A3F99C-D898-4281-807C-2BD96F43EBA7}"
EndProject
Project("{FAE04EC0-301F-11D3-BF4B-00C04F79EFBC}") = "CleanFormDemo", "CleanFormDemo\CleanFormDemo.csproj", "{85C0C2CC-6669-4516-9841-7501641C6D22}"
EndProject
Project("{FAE04EC0-301F-11D3-BF4B-00C04F79EFBC}") = "SmartLibrary", "SmartLibrary\SmartLibrary.csproj", "{82D80207-9B71-49C9-8147-5696AE942ADF}"
EndProject
Project("{FAE04EC0-301F-11D3-BF4B-00C04F79EFBC}") = "Day7Lab", "Day7Lab\Day7Lab.csproj", "{ED4ED24C-E9D9-443D-BF20-84B74A2A0DA5}"
EndProject
Project("{FAE04EC0-301F-11D3-BF4B-00C04F79EFBC}") = "DotNetBefore8Demo", "DotNetBefore8Demo\DotNetBefore8Demo.csproj", "{FCFE40EE-BC63-4452-B82D-21BBDCD57C29}"
EndProject
Project("{FAE04EC0-301F-11D3-BF4B-00C04F79EFBC}") = "IO_Demos", "IO_Demos\IO_Demos.csproj", "{7A929792-EB40-42A2-8567-BB80253E3958}"
EndProject
Project("{FAE04EC0-301F-11D3-BF4B-00C04F79EFBC}") = "Day8Lab", "Day8Lab\Day8Lab.csproj", "{0248FE1B-237C-404F-9A4F-31FE4CAC1A97}"
EndProject
Project("{FAE04EC0-301F-11D3-BF4B-00C04F79EFBC}") = "Day9LabADODbConnection", "Day9LabADODbConnection\Day9LabADODbConnection.csproj", "{965A0A23-7BC8-45DE-BF64-2C1EBA3AEA17}"
EndProject
Project("{FAE04EC0-301F-11D3-BF4B-00C04F79EFBC}") = "Day10EFAndHtmlDemos", "Day10EFAndHtmlDemos\Day10EFAndHtmlDemos.csproj", "{453FF235-B8B1-478D-973E-1F2755BF727D}"
EndProject
Project("{FAE04EC0-301F-11D3-BF4B-00C04F79EFBC}") = "Day10EFCoreCodeFirstDemo", "Day10EFCoreCodeFirstDemo\Day10EFCoreCodeFirstDemo.csproj", "{0B31FDE6-E5C1-4EF6-889A-2D580DEDA388}"
EndProject
Global
	GlobalSection(SolutionConfigurationPlatforms) = preSolution
		Debug|Any CPU = Debug|Any CPU
		Release|Any CPU = Release|Any CPU
	EndGlobalSection
	GlobalSection(ProjectConfigurationPlatforms) = postSolution
		{C3940BF6-EA22-4EDD-9237-E73E3A93AA01}.Debug|Any CPU.ActiveCfg = Debug|Any CPU
		{C3940BF6-EA22-4EDD-9237-E73E3A93AA01}.Debug|Any CPU.Build.0 = Debug|Any CPU
		{C3940BF6-EA22-4EDD-9237-E73E3A93AA01}.Release|Any CPU.ActiveCfg = Release|Any CPU
		{C3940BF6-EA22-4EDD-9237-E73E3A93AA01}.Release|Any CPU.Build.0 = Release|Any CPU
		{46686250-83B6-4F23-A733-257D86FA08EC}.Debug|Any CPU.ActiveCfg = Debug|Any CPU
		{46686250-83B6-4F23-A733-257D86FA08EC}.Debug|Any CPU.Build.0 = Debug|Any CPU
		{46686250-83B6-4F23-A733-257D86FA08EC}.Release|Any CPU.ActiveCfg = Release|Any CPU
		{46686250-83B6-4F23-A733-257D86FA08EC}.Release|Any CPU.Build.0 = Release|Any CPU
		{A5A20714-4D8A-495F-BA56-8636F9A931BB}.Debug|Any CPU.ActiveCfg = Debug|Any CPU
		{A5A20714-4D8A-495F-BA56-8636F9A931BB}.Debug|Any CPU.Build.0 = Debug|Any CPU
		{A5A20714-4D8A-495F-BA56-8636F9A931BB}.Release|Any CPU.ActiveCfg = Release|Any CPU
		{A5A20714-4D8A-495F-BA56-8636F9A931BB}.Release|Any CPU.Build.0 = Release|Any CPU
		{3F27583A-F9FB-4D9D-A827-860BFFA96FCE}.Debug|Any CPU.ActiveCfg = Debug|Any CPU
		{3F27583A-F9FB-4D9D-A827-860BFFA96FCE}.Debug|Any CPU.Build.0 = Debug|Any CPU
		{3F27583A-F9FB-4D9D-A827-860BFFA96FCE}.Release|Any CPU.ActiveCfg = Release|Any CPU
		{3F27583A-F9FB-4D9D-A827-860BFFA96FCE}.Release|Any CPU.Build.0 = Release|Any CPU
		{4693E966-A6CB-43BE-987F-7E026C4E3848}.Debug|Any CPU.ActiveCfg = Debug|Any CPU
		{4693E966-A6CB-43BE-987F-7E026C4E3848}.Debug|Any CPU.Build.0 = Debug|Any CPU
		{4693E966-A6CB-43BE-987F-7E026C4E3848}.Release|Any CPU.ActiveCfg = Release|Any CPU
		{4693E966-A6CB-43BE-987F-7E026C4E3848}.Release|Any CPU.Build.0 = Release|Any CPU
		{A5A3F99C-D898-4281-807C-2BD96F43EBA7}.Debug|Any CPU.ActiveCfg = Debug|Any CPU
		{A5A3F99C-D898-4281-807C-2BD96F43EBA7}.Debug|Any CPU.Build.0 = Debug|Any CPU
		{A5A3F99C-D898-4281-807C-2BD96F43EBA7}.Release|Any CPU.ActiveCfg = Release|Any CPU
		{A5A3F99C-D898-4281-807C-2BD96F43EBA7}.Release|Any CPU.Build.0 = Release|Any CPU
		{85C0C2CC-6669-4516-9841-7501641C6D22}.Debug|Any CPU.ActiveCfg = Debug|Any CPU
		{85C0C2CC-6669-4516-9841-7501641C6D22}.Debug|Any CPU.Build.0 = Debug|Any CPU
		{85C0C2CC-6669-4516-9841-7501641C6D22}.Release|Any CPU.ActiveCfg = Release|Any CPU
		{85C0C2CC-6669-4516-9841-7501641C6D22}.Release|Any CPU.Build.0 = Release|Any CPU
		{82D80207-9B71-49C9-8147-5696AE942ADF}.Debug|Any CPU.ActiveCfg = Debug|Any CPU
		{82D80207-9B71-49C9-8147-5696AE942ADF}.Debug|Any CPU.Build.0 = Debug|Any CPU
		{82D80207-9B71-49C9-8147-5696AE942ADF}.Release|Any CPU.ActiveCfg = Release|Any CPU
		{82D80207-9B71-49C9-8147-5696AE942ADF}.Release|Any CPU.Build.0 = Release|Any CPU
		{ED4ED24C-E9D9-443D-BF20-84B74A2A0DA5}.Debug|Any CPU.ActiveCfg = Debug|Any CPU
		{ED4ED24C-E9D9-443D-BF20-84B74A2A0DA5}.Debug|Any CPU.Build.0 = Debug|Any CPU
		{ED4ED24C-E9D9-443D-BF20-84B74A2A0DA5}.Release|Any CPU.ActiveCfg = Release|Any CPU
		{ED4ED24C-E9D9-443D-BF20-84B74A2A0DA5}.Release|Any CPU.Build.0 = Release|Any CPU
		{FCFE40EE-BC63-4452-B82D-21BBDCD57C29}.Debug|Any CPU.ActiveCfg = Debug|Any CPU
		{FCFE40EE-BC63-4452-B82D-21BBDCD57C29}.Debug|Any CPU.Build.0 = Debug|Any CPU
		{FCFE40EE-BC63-4452-B82D-21BBDCD57C29}.Release|Any CPU.ActiveCfg = Release|Any CPU
		{FCFE40EE-BC63-4452-B82D-21BBDCD57C29}.Release|Any CPU.Build.0 = Release|Any CPU
		{7A929792-EB40-42A2-8567-BB80253E3958}.Debug|Any CPU.ActiveCfg = Debug|Any CPU
		{7A929792-EB40-42A2-8567-BB80253E3958}.Debug|Any CPU.Build.0 = Debug|Any CPU
		{7A929792-EB40-42A2-8567-BB80253E3958}.Release|Any CPU.ActiveCfg = Release|Any CPU
		{7A929792-EB40-42A2-8567-BB80253E3958}.Release|Any CPU.Build.0 = Release|Any CPU
		{0248FE1B-237C-404F-9A4F-31FE4CAC1A97}.Debug|Any CPU.ActiveCfg = Debug|Any CPU
		{0248FE1B-237C-404F-9A4F-31FE4CAC1A97}.Debug|Any CPU.Build.0 = Debug|Any CPU
		{0248FE1B-237C-404F-9A4F-31FE4CAC1A97}.Release|Any CPU.ActiveCfg = Release|Any CPU
		{0248FE1B-237C-404F-9A4F-31FE4CAC1A97}.Release|Any CPU.Build.0 = Release|Any CPU
		{965A0A23-7BC8-45DE-BF64-2C1EBA3AEA17}.Debug|Any CPU.ActiveCfg = Debug|Any CPU
		{965A0A23-7BC8-45DE-BF64-2C1EBA3AEA17}.Debug|Any CPU.Build.0 = Debug|Any CPU
		{965A0A23-7BC8-45DE-BF64-2C1EBA3AEA17}.Release|Any CPU.ActiveCfg = Release|Any CPU
		{965A0A23-7BC8-45DE-BF64-2C1EBA3AEA17}.Release|Any CPU.Build.0 = Release|Any CPU
		{453FF235-B8B1-478D-973E-1F2755BF727D}.Debug|Any CPU.ActiveCfg = Debug|Any CPU
		{453FF235-B8B1-478D-973E-1F2755BF727D}.Debug|Any CPU.Build.0 = Debug|Any CPU
		{453FF235-B8B1-478D-973E-1F2755BF727D}.Release|Any CPU.ActiveCfg = Release|Any CPU
		{453FF235-B8B1-478D-973E-1F2755BF727D}.Release|Any CPU.Build.0 = Release|Any CPU
		{0B31FDE6-E5C1-4EF6-889A-2D580DEDA388}.Debug|Any CPU.ActiveCfg = Debug|Any CPU
		{0B31FDE6-E5C1-4EF6-889A-2D580DEDA388}.Debug|Any CPU.Build.0 = Debug|Any CPU
		{0B31FDE6-E5C1-4EF6-889A-2D580DEDA388}.Release|Any CPU.ActiveCfg = Release|Any CPU
		{0B31FDE6-E5C1-4EF6-889A-2D580DEDA388}.Release|Any CPU.Build.0 = Release|Any CPU
	EndGlobalSection
	GlobalSection(SolutionProperties) = preSolution
		HideSolutionNode = FALSE
	EndGlobalSection
	GlobalSection(ExtensibilityGlobals) = postSolution
		SolutionGuid = {8DC62B75-F031-471F-9804-017AF8801B69}
	EndGlobalSection
EndGlobal
